// !$*UTF8*$!
{
	archiveVersion = 1;
	classes = {
	};
	objectVersion = 77;
	objects = {

/* Begin PBXBuildFile section */
		FA4748812F15648B0039E3D9 /* Utterance in Frameworks */ = {isa = PBXBuildFile; productRef = FA4748802F15648B0039E3D9 /* Utterance */; };
/* End PBXBuildFile section */

/* Begin PBXContainerItemProxy section */
		FA4748592F1560BE0039E3D9 /* PBXContainerItemProxy */ = {
			isa = PBXContainerItemProxy;
			containerPortal = FA4748432F1560BD0039E3D9 /* Project object */;
			proxyType = 1;
			remoteGlobalIDString = FA47484A2F1560BD0039E3D9;
			remoteInfo = UtteranceDemo;
		};
		FA4748632F1560BE0039E3D9 /* PBXContainerItemProxy */ = {
			isa = PBXContainerItemProxy;
			containerPortal = FA4748432F1560BD0039E3D9 /* Project object */;
			proxyType = 1;
			remoteGlobalIDString = FA47484A2F1560BD0039E3D9;
			remoteInfo = UtteranceDemo;
		};
/* End PBXContainerItemProxy section */

/* Begin PBXFileReference section */
		FA47484B2F1560BD0039E3D9 /* UtteranceDemo.app */ = {isa = PBXFileReference; explicitFileType = wrapper.application; includeInIndex = 0; path = UtteranceDemo.app; sourceTree = BUILT_PRODUCTS_DIR; };
		FA4748582F1560BE0039E3D9 /* UtteranceDemoTests.xctest */ = {isa = PBXFileReference; explicitFileType = wrapper.cfbundle; includeInIndex = 0; path = UtteranceDemoTests.xctest; sourceTree = BUILT_PRODUCTS_DIR; };
		FA4748622F1560BE0039E3D9 /* UtteranceDemoUITests.xctest */ = {isa = PBXFileReference; explicitFileType = wrapper.cfbundle; includeInIndex = 0; path = UtteranceDemoUITests.xctest; sourceTree = BUILT_PRODUCTS_DIR; };
/* End PBXFileReference section */

/* Begin PBXFileSystemSynchronizedBuildFileExceptionSet section */
		FA47484E2F1560BD0039E3D9 /* Exceptions for "UtteranceDemo" folder in "UtteranceDemo" target */ = {
			isa = PBXFileSystemSynchronizedBuildFileExceptionSet;
			membershipExceptions = (
				Resource/Plist/Info.plist,
			);
			target = FA47484A2F1560BD0039E3D9 /* UtteranceDemo */;
		};
/* End PBXFileSystemSynchronizedBuildFileExceptionSet section */

/* Begin PBXFileSystemSynchronizedRootGroup section */
		FA47484D2F1560BD0039E3D9 /* UtteranceDemo */ = {
			isa = PBXFileSystemSynchronizedRootGroup;
			exceptions = (
				FA47484E2F1560BD0039E3D9 /* Exceptions for "UtteranceDemo" folder in "UtteranceDemo" target */,
			);
			path = UtteranceDemo;
			sourceTree = "<group>";
		};
		FA47485B2F1560BE0039E3D9 /* UtteranceDemoTests */ = {
			isa = PBXFileSystemSynchronizedRootGroup;
			path = UtteranceDemoTests;
			sourceTree = "<group>";
		};
		FA4748652F1560BE0039E3D9 /* UtteranceDemoUITests */ = {
			isa = PBXFileSystemSynchronizedRootGroup;
			path = UtteranceDemoUITests;
			sourceTree = "<group>";
		};
/* End PBXFileSystemSynchronizedRootGroup section */

/* Begin PBXFrameworksBuildPhase section */
		FA4748482F1560BD0039E3D9 /* Frameworks */ = {
			isa = PBXFrameworksBuildPhase;
			buildActionMask = 2147483647;
			files = (
				FA4748812F15648B0039E3D9 /* Utterance in Frameworks */,
			);
			runOnlyForDeploymentPostprocessing = 0;
		};
		FA4748552F1560BE0039E3D9 /* Frameworks */ = {
			isa = PBXFrameworksBuildPhase;
			buildActionMask = 2147483647;
			files = (
			);
			runOnlyForDeploymentPostprocessing = 0;
		};
		FA47485F2F1560BE0039E3D9 /* Frameworks */ = {
			isa = PBXFrameworksBuildPhase;
			buildActionMask = 2147483647;
			files = (
			);
			runOnlyForDeploymentPostprocessing = 0;
		};
/* End PBXFrameworksBuildPhase section */

/* Begin PBXGroup section */
		FA4748422F1560BD0039E3D9 = {
			isa = PBXGroup;
			children = (
				FA47484D2F1560BD0039E3D9 /* UtteranceDemo */,
				FA47485B2F1560BE0039E3D9 /* UtteranceDemoTests */,
				FA4748652F1560BE0039E3D9 /* UtteranceDemoUITests */,
				FA4748752F1562F10039E3D9 /* Frameworks */,
				FA47484C2F1560BD0039E3D9 /* Products */,
			);
			sourceTree = "<group>";
		};
		FA47484C2F1560BD0039E3D9 /* Products */ = {
			isa = PBXGroup;
			children = (
				FA47484B2F1560BD0039E3D9 /* UtteranceDemo.app */,
				FA4748582F1560BE0039E3D9 /* UtteranceDemoTests.xctest */,
				FA4748622F1560BE0039E3D9 /* UtteranceDemoUITests.xctest */,
			);
			name = Products;
			sourceTree = "<group>";
		};
		FA4748752F1562F10039E3D9 /* Frameworks */ = {
			isa = PBXGroup;
			children = (
			);
			name = Frameworks;
			sourceTree = "<group>";
		};
/* End PBXGroup section */

/* Begin PBXNativeTarget section */
		FA47484A2F1560BD0039E3D9 /* UtteranceDemo */ = {
			isa = PBXNativeTarget;
			buildConfigurationList = FA47486C2F1560BE0039E3D9 /* Build configuration list for PBXNativeTarget "UtteranceDemo" */;
			buildPhases = (
				FA4748472F1560BD0039E3D9 /* Sources */,
				FA4748482F1560BD0039E3D9 /* Frameworks */,
				FA4748492F1560BD0039E3D9 /* Resources */,
			);
			buildRules = (
			);
			dependencies = (
			);
			fileSystemSynchronizedGroups = (
				FA47484D2F1560BD0039E3D9 /* UtteranceDemo */,
			);
			name = UtteranceDemo;
			packageProductDependencies = (
				FA4748802F15648B0039E3D9 /* Utterance */,
			);
			productName = UtteranceDemo;
			productReference = FA47484B2F1560BD0039E3D9 /* UtteranceDemo.app */;
			productType = "com.apple.product-type.application";
		};
		FA4748572F1560BE0039E3D9 /* UtteranceDemoTests */ = {
			isa = PBXNativeTarget;
			buildConfigurationList = FA47486F2F1560BE0039E3D9 /* Build configuration list for PBXNativeTarget "UtteranceDemoTests" */;
			buildPhases = (
				FA4748542F1560BE0039E3D9 /* Sources */,
				FA4748552F1560BE0039E3D9 /* Frameworks */,
				FA4748562F1560BE0039E3D9 /* Resources */,
			);
			buildRules = (
			);
			dependencies = (
				FA47485A2F1560BE0039E3D9 /* PBXTargetDependency */,
			);
			fileSystemSynchronizedGroups = (
				FA47485B2F1560BE0039E3D9 /* UtteranceDemoTests */,
			);
			name = UtteranceDemoTests;
			packageProductDependencies = (
			);
			productName = UtteranceDemoTests;
			productReference = FA4748582F1560BE0039E3D9 /* UtteranceDemoTests.xctest */;
			productType = "com.apple.product-type.bundle.unit-test";
		};
		FA4748612F1560BE0039E3D9 /* UtteranceDemoUITests */ = {
			isa = PBXNativeTarget;
			buildConfigurationList = FA4748722F1560BE0039E3D9 /* Build configuration list for PBXNativeTarget "UtteranceDemoUITests" */;
			buildPhases = (
				FA47485E2F1560BE0039E3D9 /* Sources */,
				FA47485F2F1560BE0039E3D9 /* Frameworks */,
				FA4748602F1560BE0039E3D9 /* Resources */,
			);
			buildRules = (
			);
			dependencies = (
				FA4748642F1560BE0039E3D9 /* PBXTargetDependency */,
			);
			fileSystemSynchronizedGroups = (
				FA4748652F1560BE0039E3D9 /* UtteranceDemoUITests */,
			);
			name = UtteranceDemoUITests;
			packageProductDependencies = (
			);
			productName = UtteranceDemoUITests;
			productReference = FA4748622F1560BE0039E3D9 /* UtteranceDemoUITests.xctest */;
			productType = "com.apple.product-type.bundle.ui-testing";
		};
/* End PBXNativeTarget section */

/* Begin PBXProject section */
		FA4748432F1560BD0039E3D9 /* Project object */ = {
			isa = PBXProject;
			attributes = {
				BuildIndependentTargetsInParallel = 1;
				LastSwiftUpdateCheck = 2600;
				LastUpgradeCheck = 2600;
				TargetAttributes = {
					FA47484A2F1560BD0039E3D9 = {
						CreatedOnToolsVersion = 26.0;
					};
					FA4748572F1560BE0039E3D9 = {
						CreatedOnToolsVersion = 26.0;
						TestTargetID = FA47484A2F1560BD0039E3D9;
					};
					FA4748612F1560BE0039E3D9 = {
						CreatedOnToolsVersion = 26.0;
						TestTargetID = FA47484A2F1560BD0039E3D9;
					};
				};
			};
			buildConfigurationList = FA4748462F1560BD0039E3D9 /* Build configuration list for PBXProject "UtteranceDemo" */;
			developmentRegion = en;
			hasScannedForEncodings = 0;
			knownRegions = (
				en,
				Base,
			);
			mainGroup = FA4748422F1560BD0039E3D9;
			minimizedProjectReferenceProxies = 1;
			packageReferences = (
				FA47487F2F15648B0039E3D9 /* XCLocalSwiftPackageReference "../.." */,
			);
			preferredProjectObjectVersion = 77;
			productRefGroup = FA47484C2F1560BD0039E3D9 /* Products */;
			projectDirPath = "";
			projectRoot = "";
			targets = (
				FA47484A2F1560BD0039E3D9 /* UtteranceDemo */,
				FA4748572F1560BE0039E3D9 /* UtteranceDemoTests */,
				FA4748612F1560BE0039E3D9 /* UtteranceDemoUITests */,
			);
		};
/* End PBXProject section */

/* Begin PBXResourcesBuildPhase section */
		FA4748492F1560BD0039E3D9 /* Resources */ = {
			isa = PBXResourcesBuildPhase;
			buildActionMask = 2147483647;
			files = (
			);
			runOnlyForDeploymentPostprocessing = 0;
		};
		FA4748562F1560BE0039E3D9 /* Resources */ = {
			isa = PBXResourcesBuildPhase;
			buildActionMask = 2147483647;
			files = (
			);
			runOnlyForDeploymentPostprocessing = 0;
		};
		FA4748602F1560BE0039E3D9 /* Resources */ = {
			isa = PBXResourcesBuildPhase;
			buildActionMask = 2147483647;
			files = (
			);
			runOnlyForDeploymentPostprocessing = 0;
		};
/* End PBXResourcesBuildPhase section */

/* Begin PBXSourcesBuildPhase section */
		FA4748472F1560BD0039E3D9 /* Sources */ = {
			isa = PBXSourcesBuildPhase;
			buildActionMask = 2147483647;
			files = (
			);
			runOnlyForDeploymentPostprocessing = 0;
		};
		FA4748542F1560BE0039E3D9 /* Sources */ = {
			isa = PBXSourcesBuildPhase;
			buildActionMask = 2147483647;
			files = (
			);
			runOnlyForDeploymentPostprocessing = 0;
		};
		FA47485E2F1560BE0039E3D9 /* Sources */ = {
			isa = PBXSourcesBuildPhase;
			buildActionMask = 2147483647;
			files = (
			);
			runOnlyForDeploymentPostprocessing = 0;
		};
/* End PBXSourcesBuildPhase section */

/* Begin PBXTargetDependency section */
		FA47485A2F1560BE0039E3D9 /* PBXTargetDependency */ = {
			isa = PBXTargetDependency;
			target = FA47484A2F1560BD0039E3D9 /* UtteranceDemo */;
			targetProxy = FA4748592F1560BE0039E3D9 /* PBXContainerItemProxy */;
		};
		FA4748642F1560BE0039E3D9 /* PBXTargetDependency */ = {
			isa = PBXTargetDependency;
			target = FA47484A2F1560BD0039E3D9 /* UtteranceDemo */;
			targetProxy = FA4748632F1560BE0039E3D9 /* PBXContainerItemProxy */;
		};
/* End PBXTargetDependency section */

/* Begin XCBuildConfiguration section */
		FA47486A2F1560BE0039E3D9 /* Debug */ = {
			isa = XCBuildConfiguration;
			buildSettings = {
				ALWAYS_SEARCH_USER_PATHS = NO;
				ASSETCATALOG_COMPILER_GENERATE_SWIFT_ASSET_SYMBOL_EXTENSIONS = YES;
				CLANG_ANALYZER_NONNULL = YES;
				CLANG_ANALYZER_NUMBER_OBJECT_CONVERSION = YES_AGGRESSIVE;
				CLANG_CXX_LANGUAGE_STANDARD = "gnu++20";
				CLANG_ENABLE_MODULES = YES;
				CLANG_ENABLE_OBJC_ARC = YES;
				CLANG_ENABLE_OBJC_WEAK = YES;
				CLANG_WARN_BLOCK_CAPTURE_AUTORELEASING = YES;
				CLANG_WARN_BOOL_CONVERSION = YES;
				CLANG_WARN_COMMA = YES;
				CLANG_WARN_CONSTANT_CONVERSION = YES;
				CLANG_WARN_DEPRECATED_OBJC_IMPLEMENTATIONS = YES;
				CLANG_WARN_DIRECT_OBJC_ISA_USAGE = YES_ERROR;
				CLANG_WARN_DOCUMENTATION_COMMENTS = YES;
				CLANG_WARN_EMPTY_BODY = YES;
				CLANG_WARN_ENUM_CONVERSION = YES;
				CLANG_WARN_INFINITE_RECURSION = YES;
				CLANG_WARN_INT_CONVERSION = YES;
				CLANG_WARN_NON_LITERAL_NULL_CONVERSION = YES;
				CLANG_WARN_OBJC_IMPLICIT_RETAIN_SELF = YES;
				CLANG_WARN_OBJC_LITERAL_CONVERSION = YES;
				CLANG_WARN_OBJC_ROOT_CLASS = YES_ERROR;
				CLANG_WARN_QUOTED_INCLUDE_IN_FRAMEWORK_HEADER = YES;
				CLANG_WARN_RANGE_LOOP_ANALYSIS = YES;
				CLANG_WARN_STRICT_PROTOTYPES = YES;
				CLANG_WARN_SUSPICIOUS_MOVE = YES;
				CLANG_WARN_UNGUARDED_AVAILABILITY = YES_AGGRESSIVE;
				CLANG_WARN_UNREACHABLE_CODE = YES;
				CLANG_WARN__DUPLICATE_METHOD_MATCH = YES;
				COPY_PHASE_STRIP = NO;
				DEBUG_INFORMATION_FORMAT = dwarf;
				DEVELOPMENT_TEAM = 432P93KZ59;
				ENABLE_STRICT_OBJC_MSGSEND = YES;
				ENABLE_TESTABILITY = YES;
				ENABLE_USER_SCRIPT_SANDBOXING = YES;
				GCC_C_LANGUAGE_STANDARD = gnu17;
				GCC_DYNAMIC_NO_PIC = NO;
				GCC_NO_COMMON_BLOCKS = YES;
				GCC_OPTIMIZATION_LEVEL = 0;
				GCC_PREPROCESSOR_DEFINITIONS = (
					"DEBUG=1",
					"$(inherited)",
				);
				GCC_WARN_64_TO_32_BIT_CONVERSION = YES;
				GCC_WARN_ABOUT_RETURN_TYPE = YES_ERROR;
				GCC_WARN_UNDECLARED_SELECTOR = YES;
				GCC_WARN_UNINITIALIZED_AUTOS = YES_AGGRESSIVE;
				GCC_WARN_UNUSED_FUNCTION = YES;
				GCC_WARN_UNUSED_VARIABLE = YES;
				GENERATE_INFOPLIST_FILE = YES;
				GENERATE_PKGINFO_FILE = YES;
				INFOPLIST_FILE = UtteranceDemo/Resource/Plist/Info.plist;
				IPHONEOS_DEPLOYMENT_TARGET = 26.0;
				LOCALIZATION_PREFERS_STRING_CATALOGS = YES;
				MTL_ENABLE_DEBUG_INFO = INCLUDE_SOURCE;
				MTL_FAST_MATH = YES;
				ONLY_ACTIVE_ARCH = YES;
				SDKROOT = iphoneos;
				SWIFT_ACTIVE_COMPILATION_CONDITIONS = "DEBUG $(inherited)";
				SWIFT_OPTIMIZATION_LEVEL = "-Onone";
			};
			name = Debug;
		};
		FA47486B2F1560BE0039E3D9 /* Release */ = {
			isa = XCBuildConfiguration;
			buildSettings = {
				ALWAYS_SEARCH_USER_PATHS = NO;
				ASSETCATALOG_COMPILER_GENERATE_SWIFT_ASSET_SYMBOL_EXTENSIONS = YES;
				CLANG_ANALYZER_NONNULL = YES;
				CLANG_ANALYZER_NUMBER_OBJECT_CONVERSION = YES_AGGRESSIVE;
				CLANG_CXX_LANGUAGE_STANDARD = "gnu++20";
				CLANG_ENABLE_MODULES = YES;
				CLANG_ENABLE_OBJC_ARC = YES;
				CLANG_ENABLE_OBJC_WEAK = YES;
				CLANG_WARN_BLOCK_CAPTURE_AUTORELEASING = YES;
				CLANG_WARN_BOOL_CONVERSION = YES;
				CLANG_WARN_COMMA = YES;
				CLANG_WARN_CONSTANT_CONVERSION = YES;
				CLANG_WARN_DEPRECATED_OBJC_IMPLEMENTATIONS = YES;
				CLANG_WARN_DIRECT_OBJC_ISA_USAGE = YES_ERROR;
				CLANG_WARN_DOCUMENTATION_COMMENTS = YES;
				CLANG_WARN_EMPTY_BODY = YES;
				CLANG_WARN_ENUM_CONVERSION = YES;
				CLANG_WARN_INFINITE_RECURSION = YES;
				CLANG_WARN_INT_CONVERSION = YES;
				CLANG_WARN_NON_LITERAL_NULL_CONVERSION = YES;
				CLANG_WARN_OBJC_IMPLICIT_RETAIN_SELF = YES;
				CLANG_WARN_OBJC_LITERAL_CONVERSION = YES;
				CLANG_WARN_OBJC_ROOT_CLASS = YES_ERROR;
				CLANG_WARN_QUOTED_INCLUDE_IN_FRAMEWORK_HEADER = YES;
				CLANG_WARN_RANGE_LOOP_ANALYSIS = YES;
				CLANG_WARN_STRICT_PROTOTYPES = YES;
				CLANG_WARN_SUSPICIOUS_MOVE = YES;
				CLANG_WARN_UNGUARDED_AVAILABILITY = YES_AGGRESSIVE;
				CLANG_WARN_UNREACHABLE_CODE = YES;
				CLANG_WARN__DUPLICATE_METHOD_MATCH = YES;
				COPY_PHASE_STRIP = NO;
				DEBUG_INFORMATION_FORMAT = "dwarf-with-dsym";
				DEVELOPMENT_TEAM = 432P93KZ59;
				ENABLE_NS_ASSERTIONS = NO;
				ENABLE_STRICT_OBJC_MSGSEND = YES;
				ENABLE_USER_SCRIPT_SANDBOXING = YES;
				GCC_C_LANGUAGE_STANDARD = gnu17;
				GCC_NO_COMMON_BLOCKS = YES;
				GCC_WARN_64_TO_32_BIT_CONVERSION = YES;
				GCC_WARN_ABOUT_RETURN_TYPE = YES_ERROR;
				GCC_WARN_UNDECLARED_SELECTOR = YES;
				GCC_WARN_UNINITIALIZED_AUTOS = YES_AGGRESSIVE;
				GCC_WARN_UNUSED_FUNCTION = YES;
				GCC_WARN_UNUSED_VARIABLE = YES;
				GENERATE_INFOPLIST_FILE = YES;
				GENERATE_PKGINFO_FILE = YES;
				INFOPLIST_FILE = UtteranceDemo/Resource/Plist/Info.plist;
				IPHONEOS_DEPLOYMENT_TARGET = 26.0;
				LOCALIZATION_PREFERS_STRING_CATALOGS = YES;
				MTL_ENABLE_DEBUG_INFO = NO;
				MTL_FAST_MATH = YES;
				SDKROOT = iphoneos;
				SWIFT_COMPILATION_MODE = wholemodule;
				VALIDATE_PRODUCT = YES;
			};
			name = Release;
		};
		FA47486D2F1560BE0039E3D9 /* Debug */ = {
			isa = XCBuildConfiguration;
			buildSettings = {
				ASSETCATALOG_COMPILER_APPICON_NAME = AppIcon;
				ASSETCATALOG_COMPILER_GLOBAL_ACCENT_COLOR_NAME = AccentColor;
				CODE_SIGN_STYLE = Automatic;
				CURRENT_PROJECT_VERSION = 1;
				DEVELOPMENT_TEAM = 432P93KZ59;
				ENABLE_PREVIEWS = YES;
				GENERATE_INFOPLIST_FILE = YES;
				INFOPLIST_FILE = UtteranceDemo/Resource/Plist/Info.plist;
				INFOPLIST_KEY_UIApplicationSceneManifest_Generation = YES;
				INFOPLIST_KEY_UIApplicationSupportsIndirectInputEvents = YES;
				INFOPLIST_KEY_UILaunchScreen_Generation = YES;
				INFOPLIST_KEY_UISupportedInterfaceOrientations_iPad = "UIInterfaceOrientationPortrait UIInterfaceOrientationPortraitUpsideDown UIInterfaceOrientationLandscapeLeft UIInterfaceOrientationLandscapeRight";
				INFOPLIST_KEY_UISupportedInterfaceOrientations_iPhone = "UIInterfaceOrientationPortrait UIInterfaceOrientationLandscapeLeft UIInterfaceOrientationLandscapeRight";
				IPHONEOS_DEPLOYMENT_TARGET = 18.6;
				LD_RUNPATH_SEARCH_PATHS = (
					"$(inherited)",
					"@executable_path/Frameworks",
				);
				MARKETING_VERSION = 1.0;
				PRODUCT_BUNDLE_IDENTIFIER = com.santaris.UtteranceDemo;
				PRODUCT_NAME = "$(TARGET_NAME)";
				STRING_CATALOG_GENERATE_SYMBOLS = YES;
				SWIFT_APPROACHABLE_CONCURRENCY = YES;
				SWIFT_DEFAULT_ACTOR_ISOLATION = MainActor;
				SWIFT_EMIT_LOC_STRINGS = YES;
				SWIFT_UPCOMING_FEATURE_MEMBER_IMPORT_VISIBILITY = YES;
				SWIFT_VERSION = 5.0;
				TARGETED_DEVICE_FAMILY = "1,2";
			};
			name = Debug;
		};
		FA47486E2F1560BE0039E3D9 /* Release */ = {
			isa = XCBuildConfiguration;
			buildSettings = {
				ASSETCATALOG_COMPILER_APPICON_NAME = AppIcon;
				ASSETCATALOG_COMPILER_GLOBAL_ACCENT_COLOR_NAME = AccentColor;
				CODE_SIGN_STYLE = Automatic;
				CURRENT_PROJECT_VERSION = 1;
				DEVELOPMENT_TEAM = 432P93KZ59;
				ENABLE_PREVIEWS = YES;
				GENERATE_INFOPLIST_FILE = YES;
				INFOPLIST_FILE = UtteranceDemo/Resource/Plist/Info.plist;
				INFOPLIST_KEY_UIApplicationSceneManifest_Generation = YES;
				INFOPLIST_KEY_UIApplicationSupportsIndirectInputEvents = YES;
				INFOPLIST_KEY_UILaunchScreen_Generation = YES;
				INFOPLIST_KEY_UISupportedInterfaceOrientations_iPad = "UIInterfaceOrientationPortrait UIInterfaceOrientationPortraitUpsideDown UIInterfaceOrientationLandscapeLeft UIInterfaceOrientationLandscapeRight";
				INFOPLIST_KEY_UISupportedInterfaceOrientations_iPhone = "UIInterfaceOrientationPortrait UIInterfaceOrientationLandscapeLeft UIInterfaceOrientationLandscapeRight";
				IPHONEOS_DEPLOYMENT_TARGET = 18.6;
				LD_RUNPATH_SEARCH_PATHS = (
					"$(inherited)",
					"@executable_path/Frameworks",
				);
				MARKETING_VERSION = 1.0;
				PRODUCT_BUNDLE_IDENTIFIER = com.santaris.UtteranceDemo;
				PRODUCT_NAME = "$(TARGET_NAME)";
				STRING_CATALOG_GENERATE_SYMBOLS = YES;
				SWIFT_APPROACHABLE_CONCURRENCY = YES;
				SWIFT_DEFAULT_ACTOR_ISOLATION = MainActor;
				SWIFT_EMIT_LOC_STRINGS = YES;
				SWIFT_UPCOMING_FEATURE_MEMBER_IMPORT_VISIBILITY = YES;
				SWIFT_VERSION = 5.0;
				TARGETED_DEVICE_FAMILY = "1,2";
			};
			name = Release;
		};
		FA4748702F1560BE0039E3D9 /* Debug */ = {
			isa = XCBuildConfiguration;
			buildSettings = {
				BUNDLE_LOADER = "$(TEST_HOST)";
				CODE_SIGN_STYLE = Automatic;
				CURRENT_PROJECT_VERSION = 1;
				DEVELOPMENT_TEAM = 432P93KZ59;
				GENERATE_INFOPLIST_FILE = YES;
				IPHONEOS_DEPLOYMENT_TARGET = 26.0;
				MARKETING_VERSION = 1.0;
				PRODUCT_BUNDLE_IDENTIFIER = com.santaris.UtteranceDemoTests;
				PRODUCT_NAME = "$(TARGET_NAME)";
				STRING_CATALOG_GENERATE_SYMBOLS = NO;
				SWIFT_APPROACHABLE_CONCURRENCY = YES;
				SWIFT_EMIT_LOC_STRINGS = NO;
				SWIFT_UPCOMING_FEATURE_MEMBER_IMPORT_VISIBILITY = YES;
				SWIFT_VERSION = 5.0;
				TARGETED_DEVICE_FAMILY = "1,2";
				TEST_HOST = "$(BUILT_PRODUCTS_DIR)/UtteranceDemo.app/$(BUNDLE_EXECUTABLE_FOLDER_PATH)/UtteranceDemo";
			};
			name = Debug;
		};
		FA4748712F1560BE0039E3D9 /* Release */ = {
			isa = XCBuildConfiguration;
			buildSettings = {
				BUNDLE_LOADER = "$(TEST_HOST)";
				CODE_SIGN_STYLE = Automatic;
				CURRENT_PROJECT_VERSION = 1;
				DEVELOPMENT_TEAM = 432P93KZ59;
				GENERATE_INFOPLIST_FILE = YES;
				IPHONEOS_DEPLOYMENT_TARGET = 26.0;
				MARKETING_VERSION = 1.0;
				PRODUCT_BUNDLE_IDENTIFIER = com.santaris.UtteranceDemoTests;
				PRODUCT_NAME = "$(TARGET_NAME)";
				STRING_CATALOG_GENERATE_SYMBOLS = NO;
				SWIFT_APPROACHABLE_CONCURRENCY = YES;
				SWIFT_EMIT_LOC_STRINGS = NO;
				SWIFT_UPCOMING_FEATURE_MEMBER_IMPORT_VISIBILITY = YES;
				SWIFT_VERSION = 5.0;
				TARGETED_DEVICE_FAMILY = "1,2";
				TEST_HOST = "$(BUILT_PRODUCTS_DIR)/UtteranceDemo.app/$(BUNDLE_EXECUTABLE_FOLDER_PATH)/UtteranceDemo";
			};
			name = Release;
		};
		FA4748732F1560BE0039E3D9 /* Debug */ = {
			isa = XCBuildConfiguration;
			buildSettings = {
				CODE_SIGN_STYLE = Automatic;
				CURRENT_PROJECT_VERSION = 1;
				DEVELOPMENT_TEAM = 432P93KZ59;
				GENERATE_INFOPLIST_FILE = YES;
				MARKETING_VERSION = 1.0;
				PRODUCT_BUNDLE_IDENTIFIER = com.santaris.UtteranceDemoUITests;
				PRODUCT_NAME = "$(TARGET_NAME)";
				STRING_CATALOG_GENERATE_SYMBOLS = NO;
				SWIFT_APPROACHABLE_CONCURRENCY = YES;
				SWIFT_EMIT_LOC_STRINGS = NO;
				SWIFT_UPCOMING_FEATURE_MEMBER_IMPORT_VISIBILITY = YES;
				SWIFT_VERSION = 5.0;
				TARGETED_DEVICE_FAMILY = "1,2";
				TEST_TARGET_NAME = UtteranceDemo;
			};
			name = Debug;
		};
		FA4748742F1560BE0039E3D9 /* Release */ = {
			isa = XCBuildConfiguration;
			buildSettings = {
				CODE_SIGN_STYLE = Automatic;
				CURRENT_PROJECT_VERSION = 1;
				DEVELOPMENT_TEAM = 432P93KZ59;
				GENERATE_INFOPLIST_FILE = YES;
				MARKETING_VERSION = 1.0;
				PRODUCT_BUNDLE_IDENTIFIER = com.santaris.UtteranceDemoUITests;
				PRODUCT_NAME = "$(TARGET_NAME)";
				STRING_CATALOG_GENERATE_SYMBOLS = NO;
				SWIFT_APPROACHABLE_CONCURRENCY = YES;
				SWIFT_EMIT_LOC_STRINGS = NO;
				SWIFT_UPCOMING_FEATURE_MEMBER_IMPORT_VISIBILITY = YES;
				SWIFT_VERSION = 5.0;
				TARGETED_DEVICE_FAMILY = "1,2";
				TEST_TARGET_NAME = UtteranceDemo;
			};
			name = Release;
		};
/* End XCBuildConfiguration section */

/* Begin XCConfigurationList section */
		FA4748462F1560BD0039E3D9 /* Build configuration list for PBXProject "UtteranceDemo" */ = {
			isa = XCConfigurationList;
			buildConfigurations = (
				FA47486A2F1560BE0039E3D9 /* Debug */,
				FA47486B2F1560BE0039E3D9 /* Release */,
			);
			defaultConfigurationIsVisible = 0;
			defaultConfigurationName = Release;
		};
		FA47486C2F1560BE0039E3D9 /* Build configuration list for PBXNativeTarget "UtteranceDemo" */ = {
			isa = XCConfigurationList;
			buildConfigurations = (
				FA47486D2F1560BE0039E3D9 /* Debug */,
				FA47486E2F1560BE0039E3D9 /* Release */,
			);
			defaultConfigurationIsVisible = 0;
			defaultConfigurationName = Release;
		};
		FA47486F2F1560BE0039E3D9 /* Build configuration list for PBXNativeTarget "UtteranceDemoTests" */ = {
			isa = XCConfigurationList;
			buildConfigurations = (
				FA4748702F1560BE0039E3D9 /* Debug */,
				FA4748712F1560BE0039E3D9 /* Release */,
			);
			defaultConfigurationIsVisible = 0;
			defaultConfigurationName = Release;
		};
		FA4748722F1560BE0039E3D9 /* Build configuration list for PBXNativeTarget "UtteranceDemoUITests" */ = {
			isa = XCConfigurationList;
			buildConfigurations = (
				FA4748732F1560BE0039E3D9 /* Debug */,
				FA4748742F1560BE0039E3D9 /* Release */,
			);
			defaultConfigurationIsVisible = 0;
			defaultConfigurationName = Release;
		};
/* End XCConfigurationList section */

/* Begin XCLocalSwiftPackageReference section */
		FA47487F2F15648B0039E3D9 /* XCLocalSwiftPackageReference "../.." */ = {
			isa = XCLocalSwiftPackageReference;
			relativePath = ../..;
		};
/* End XCLocalSwiftPackageReference section */

/* Begin XCSwiftPackageProductDependency section */
		FA4748802F15648B0039E3D9 /* Utterance */ = {
			isa = XCSwiftPackageProductDependency;
			productName = Utterance;
		};
/* End XCSwiftPackageProductDependency section */
	};
	rootObject = FA4748432F1560BD0039E3D9 /* Project object */;
}
